
Microsoft Visual Studio Solution File, Format Version 12.00
# Visual Studio Version 16
VisualStudioVersion = 16.0.31911.196
MinimumVisualStudioVersion = 10.0.40219.1
Project("{FAE04EC0-301F-11D3-BF4B-00C04F79EFBC}") = "TUGAS CEK KALIMAT", "TUGAS CEK KALIMAT\TUGAS CEK KALIMAT.csproj", "{C3ED356B-9672-49D0-BD30-E951708F59AA}"
EndProject
Global
	GlobalSection(SolutionConfigurationPlatforms) = preSolution
		Debug|Any CPU = Debug|Any CPU
		Release|Any CPU = Release|Any CPU
	EndGlobalSection
	GlobalSection(ProjectConfigurationPlatforms) = postSolution
		{C3ED356B-9672-49D0-BD30-E951708F59AA}.Debug|Any CPU.ActiveCfg = Debug|Any CPU
		{C3ED356B-9672-49D0-BD30-E951708F59AA}.Debug|Any CPU.Build.0 = Debug|Any CPU
		{C3ED356B-9672-49D0-BD30-E951708F59AA}.Release|Any CPU.ActiveCfg = Release|Any CPU
		{C3ED356B-9672-49D0-BD30-E951708F59AA}.Release|Any CPU.Build.0 = Release|Any CPU
	EndGlobalSection
	GlobalSection(SolutionProperties) = preSolution
		HideSolutionNode = FALSE
	EndGlobalSection
	GlobalSection(ExtensibilityGlobals) = postSolution
		SolutionGuid = {15A589B2-D4E6-4BF5-B7C4-A4F8E252F932}
	EndGlobalSection
EndGlobal
